
Microsoft Visual Studio Solution File, Format Version 12.00
# Visual Studio 15
VisualStudioVersion = 15.0.27428.2037
MinimumVisualStudioVersion = 10.0.40219.1
Project("{FAE04EC0-301F-11D3-BF4B-00C04F79EFBC}") = "Strategy", "Strategy\Strategy.csproj", "{CE3796F7-4EB9-4DE8-812D-F8B55C940C9A}"
EndProject
Project("{FAE04EC0-301F-11D3-BF4B-00C04F79EFBC}") = "Decorator", "Decorator\Decorator.csproj", "{A0FE78BB-3FCA-46EF-A25E-4BAD56FBF42A}"
EndProject
Project("{FAE04EC0-301F-11D3-BF4B-00C04F79EFBC}") = "Observer", "Observer\Observer.csproj", "{14C90DC1-9804-4F90-B514-CC464625BAEB}"
EndProject
Project("{FAE04EC0-301F-11D3-BF4B-00C04F79EFBC}") = "Singleton", "Singleton\Singleton.csproj", "{CC7D6201-61AA-4F7C-819B-480E357A6F93}"
EndProject
Project("{FAE04EC0-301F-11D3-BF4B-00C04F79EFBC}") = "State", "State\State.csproj", "{5DD1FFE8-3CF0-4F53-9927-AF6CE0FD79D0}"
EndProject
Project("{FAE04EC0-301F-11D3-BF4B-00C04F79EFBC}") = "Iterator", "Iterator\Iterator.csproj", "{799AA09B-97F7-4DA0-8C5B-30A4E1805E91}"
EndProject
Project("{FAE04EC0-301F-11D3-BF4B-00C04F79EFBC}") = "SimpleFactory", "SimpleFactory\SimpleFactory.csproj", "{93C8C846-50C9-47B9-9B47-FF094C6CDE06}"
EndProject
Project("{FAE04EC0-301F-11D3-BF4B-00C04F79EFBC}") = "FactoryMethod", "FactoryMethod\FactoryMethod.csproj", "{E3C2DA19-7183-4216-B174-AFC77C9609C3}"
EndProject
Global
	GlobalSection(SolutionConfigurationPlatforms) = preSolution
		Debug|Any CPU = Debug|Any CPU
		Release|Any CPU = Release|Any CPU
	EndGlobalSection
	GlobalSection(ProjectConfigurationPlatforms) = postSolution
		{CE3796F7-4EB9-4DE8-812D-F8B55C940C9A}.Debug|Any CPU.ActiveCfg = Debug|Any CPU
		{CE3796F7-4EB9-4DE8-812D-F8B55C940C9A}.Debug|Any CPU.Build.0 = Debug|Any CPU
		{CE3796F7-4EB9-4DE8-812D-F8B55C940C9A}.Release|Any CPU.ActiveCfg = Release|Any CPU
		{CE3796F7-4EB9-4DE8-812D-F8B55C940C9A}.Release|Any CPU.Build.0 = Release|Any CPU
		{A0FE78BB-3FCA-46EF-A25E-4BAD56FBF42A}.Debug|Any CPU.ActiveCfg = Debug|Any CPU
		{A0FE78BB-3FCA-46EF-A25E-4BAD56FBF42A}.Debug|Any CPU.Build.0 = Debug|Any CPU
		{A0FE78BB-3FCA-46EF-A25E-4BAD56FBF42A}.Release|Any CPU.ActiveCfg = Release|Any CPU
		{A0FE78BB-3FCA-46EF-A25E-4BAD56FBF42A}.Release|Any CPU.Build.0 = Release|Any CPU
		{14C90DC1-9804-4F90-B514-CC464625BAEB}.Debug|Any CPU.ActiveCfg = Debug|Any CPU
		{14C90DC1-9804-4F90-B514-CC464625BAEB}.Debug|Any CPU.Build.0 = Debug|Any CPU
		{14C90DC1-9804-4F90-B514-CC464625BAEB}.Release|Any CPU.ActiveCfg = Release|Any CPU
		{14C90DC1-9804-4F90-B514-CC464625BAEB}.Release|Any CPU.Build.0 = Release|Any CPU
		{CC7D6201-61AA-4F7C-819B-480E357A6F93}.Debug|Any CPU.ActiveCfg = Debug|Any CPU
		{CC7D6201-61AA-4F7C-819B-480E357A6F93}.Debug|Any CPU.Build.0 = Debug|Any CPU
		{CC7D6201-61AA-4F7C-819B-480E357A6F93}.Release|Any CPU.ActiveCfg = Release|Any CPU
		{CC7D6201-61AA-4F7C-819B-480E357A6F93}.Release|Any CPU.Build.0 = Release|Any CPU
		{5DD1FFE8-3CF0-4F53-9927-AF6CE0FD79D0}.Debug|Any CPU.ActiveCfg = Debug|Any CPU
		{5DD1FFE8-3CF0-4F53-9927-AF6CE0FD79D0}.Debug|Any CPU.Build.0 = Debug|Any CPU
		{5DD1FFE8-3CF0-4F53-9927-AF6CE0FD79D0}.Release|Any CPU.ActiveCfg = Release|Any CPU
		{5DD1FFE8-3CF0-4F53-9927-AF6CE0FD79D0}.Release|Any CPU.Build.0 = Release|Any CPU
		{799AA09B-97F7-4DA0-8C5B-30A4E1805E91}.Debug|Any CPU.ActiveCfg = Debug|Any CPU
		{799AA09B-97F7-4DA0-8C5B-30A4E1805E91}.Debug|Any CPU.Build.0 = Debug|Any CPU
		{799AA09B-97F7-4DA0-8C5B-30A4E1805E91}.Release|Any CPU.ActiveCfg = Release|Any CPU
		{799AA09B-97F7-4DA0-8C5B-30A4E1805E91}.Release|Any CPU.Build.0 = Release|Any CPU
		{93C8C846-50C9-47B9-9B47-FF094C6CDE06}.Debug|Any CPU.ActiveCfg = Debug|Any CPU
		{93C8C846-50C9-47B9-9B47-FF094C6CDE06}.Debug|Any CPU.Build.0 = Debug|Any CPU
		{93C8C846-50C9-47B9-9B47-FF094C6CDE06}.Release|Any CPU.ActiveCfg = Release|Any CPU
		{93C8C846-50C9-47B9-9B47-FF094C6CDE06}.Release|Any CPU.Build.0 = Release|Any CPU
		{E3C2DA19-7183-4216-B174-AFC77C9609C3}.Debug|Any CPU.ActiveCfg = Debug|Any CPU
		{E3C2DA19-7183-4216-B174-AFC77C9609C3}.Debug|Any CPU.Build.0 = Debug|Any CPU
		{E3C2DA19-7183-4216-B174-AFC77C9609C3}.Release|Any CPU.ActiveCfg = Release|Any CPU
		{E3C2DA19-7183-4216-B174-AFC77C9609C3}.Release|Any CPU.Build.0 = Release|Any CPU
	EndGlobalSection
	GlobalSection(SolutionProperties) = preSolution
		HideSolutionNode = FALSE
	EndGlobalSection
	GlobalSection(ExtensibilityGlobals) = postSolution
		SolutionGuid = {AC8ECE23-48A2-4E59-A0D5-A56632DB1E2D}
	EndGlobalSection
EndGlobal
